
Microsoft Visual Studio Solution File, Format Version 12.00
# Visual Studio Version 16
VisualStudioVersion = 16.0.30621.155
MinimumVisualStudioVersion = 10.0.40219.1
Project("{8BC9CEB8-8B4A-11D0-8D11-00A0C91BC942}") = "FirstProject", "FirstProject\FirstProject.vcxproj", "{D5052079-57F7-4ABB-B3C0-54ABAA15D55C}"
EndProject
Project("{8BC9CEB8-8B4A-11D0-8D11-00A0C91BC942}") = "HelloWorld", "HelloWorld\HelloWorld.vcxproj", "{286C0906-825F-4AA0-A563-2A0EB09112FA}"
EndProject
Global
	GlobalSection(SolutionConfigurationPlatforms) = preSolution
		Debug|x64 = Debug|x64
		Debug|x86 = Debug|x86
		Release|x64 = Release|x64
		Release|x86 = Release|x86
	EndGlobalSection
	GlobalSection(ProjectConfigurationPlatforms) = postSolution
		{D5052079-57F7-4ABB-B3C0-54ABAA15D55C}.Debug|x64.ActiveCfg = Debug|x64
		{D5052079-57F7-4ABB-B3C0-54ABAA15D55C}.Debug|x64.Build.0 = Debug|x64
		{D5052079-57F7-4ABB-B3C0-54ABAA15D55C}.Debug|x86.ActiveCfg = Debug|Win32
		{D5052079-57F7-4ABB-B3C0-54ABAA15D55C}.Debug|x86.Build.0 = Debug|Win32
		{D5052079-57F7-4ABB-B3C0-54ABAA15D55C}.Release|x64.ActiveCfg = Release|x64
		{D5052079-57F7-4ABB-B3C0-54ABAA15D55C}.Release|x64.Build.0 = Release|x64
		{D5052079-57F7-4ABB-B3C0-54ABAA15D55C}.Release|x86.ActiveCfg = Release|Win32
		{D5052079-57F7-4ABB-B3C0-54ABAA15D55C}.Release|x86.Build.0 = Release|Win32
		{286C0906-825F-4AA0-A563-2A0EB09112FA}.Debug|x64.ActiveCfg = Debug|x64
		{286C0906-825F-4AA0-A563-2A0EB09112FA}.Debug|x64.Build.0 = Debug|x64
		{286C0906-825F-4AA0-A563-2A0EB09112FA}.Debug|x86.ActiveCfg = Debug|Win32
		{286C0906-825F-4AA0-A563-2A0EB09112FA}.Debug|x86.Build.0 = Debug|Win32
		{286C0906-825F-4AA0-A563-2A0EB09112FA}.Release|x64.ActiveCfg = Release|x64
		{286C0906-825F-4AA0-A563-2A0EB09112FA}.Release|x64.Build.0 = Release|x64
		{286C0906-825F-4AA0-A563-2A0EB09112FA}.Release|x86.ActiveCfg = Release|Win32
		{286C0906-825F-4AA0-A563-2A0EB09112FA}.Release|x86.Build.0 = Release|Win32
	EndGlobalSection
	GlobalSection(SolutionProperties) = preSolution
		HideSolutionNode = FALSE
	EndGlobalSection
	GlobalSection(ExtensibilityGlobals) = postSolution
		SolutionGuid = {F7E8326F-4D4E-449A-A174-2A32B5724965}
	EndGlobalSection
EndGlobal
