
Microsoft Visual Studio Solution File, Format Version 12.00
# Visual Studio Version 16
VisualStudioVersion = 16.0.30621.155
MinimumVisualStudioVersion = 10.0.40219.1
Project("{8BC9CEB8-8B4A-11D0-8D11-00A0C91BC942}") = "InputOutput", "InputOutput.vcxproj", "{5097A284-FA77-4786-8174-7195746EE69A}"
EndProject
Project("{8BC9CEB8-8B4A-11D0-8D11-00A0C91BC942}") = "overflow", "..\overflow\overflow.vcxproj", "{40932C85-B391-4F6E-B46F-29F83ADB2FC7}"
EndProject
Project("{8BC9CEB8-8B4A-11D0-8D11-00A0C91BC942}") = "int", "..\int\int.vcxproj", "{0877BF91-3E22-4BE0-A40E-6C9F69512005}"
EndProject
Project("{8BC9CEB8-8B4A-11D0-8D11-00A0C91BC942}") = "oct_hex", "..\oct_hex\oct_hex.vcxproj", "{5EAC1E26-4676-4043-A465-46C2F3E10FF6}"
EndProject
Project("{8BC9CEB8-8B4A-11D0-8D11-00A0C91BC942}") = "fixed_width_int", "..\fixed_width_int\fixed_width_int.vcxproj", "{74755F83-CD6D-4C22-B367-F6E9CC857FB0}"
EndProject
Project("{8BC9CEB8-8B4A-11D0-8D11-00A0C91BC942}") = "char", "..\char\char.vcxproj", "{4168179E-D085-463D-929B-D3CFD018FB05}"
EndProject
Project("{8BC9CEB8-8B4A-11D0-8D11-00A0C91BC942}") = "float", "..\float\float.vcxproj", "{6CBF23A8-683A-4BE1-AE35-6B0A635192FE}"
EndProject
Project("{8BC9CEB8-8B4A-11D0-8D11-00A0C91BC942}") = "float_limit", "..\float_limit\float_limit.vcxproj", "{EE877C97-BD12-4DE3-9156-97B6CDE05BBD}"
EndProject
Project("{8BC9CEB8-8B4A-11D0-8D11-00A0C91BC942}") = "bool_complex", "..\bool_complex\bool_complex.vcxproj", "{D790855A-586D-4DEB-BDAA-8114994A8079}"
EndProject
Global
	GlobalSection(SolutionConfigurationPlatforms) = preSolution
		Debug|x64 = Debug|x64
		Debug|x86 = Debug|x86
		Release|x64 = Release|x64
		Release|x86 = Release|x86
	EndGlobalSection
	GlobalSection(ProjectConfigurationPlatforms) = postSolution
		{5097A284-FA77-4786-8174-7195746EE69A}.Debug|x64.ActiveCfg = Debug|x64
		{5097A284-FA77-4786-8174-7195746EE69A}.Debug|x64.Build.0 = Debug|x64
		{5097A284-FA77-4786-8174-7195746EE69A}.Debug|x86.ActiveCfg = Debug|Win32
		{5097A284-FA77-4786-8174-7195746EE69A}.Debug|x86.Build.0 = Debug|Win32
		{5097A284-FA77-4786-8174-7195746EE69A}.Release|x64.ActiveCfg = Release|x64
		{5097A284-FA77-4786-8174-7195746EE69A}.Release|x64.Build.0 = Release|x64
		{5097A284-FA77-4786-8174-7195746EE69A}.Release|x86.ActiveCfg = Release|Win32
		{5097A284-FA77-4786-8174-7195746EE69A}.Release|x86.Build.0 = Release|Win32
		{40932C85-B391-4F6E-B46F-29F83ADB2FC7}.Debug|x64.ActiveCfg = Debug|x64
		{40932C85-B391-4F6E-B46F-29F83ADB2FC7}.Debug|x64.Build.0 = Debug|x64
		{40932C85-B391-4F6E-B46F-29F83ADB2FC7}.Debug|x86.ActiveCfg = Debug|Win32
		{40932C85-B391-4F6E-B46F-29F83ADB2FC7}.Debug|x86.Build.0 = Debug|Win32
		{40932C85-B391-4F6E-B46F-29F83ADB2FC7}.Release|x64.ActiveCfg = Release|x64
		{40932C85-B391-4F6E-B46F-29F83ADB2FC7}.Release|x64.Build.0 = Release|x64
		{40932C85-B391-4F6E-B46F-29F83ADB2FC7}.Release|x86.ActiveCfg = Release|Win32
		{40932C85-B391-4F6E-B46F-29F83ADB2FC7}.Release|x86.Build.0 = Release|Win32
		{0877BF91-3E22-4BE0-A40E-6C9F69512005}.Debug|x64.ActiveCfg = Debug|x64
		{0877BF91-3E22-4BE0-A40E-6C9F69512005}.Debug|x64.Build.0 = Debug|x64
		{0877BF91-3E22-4BE0-A40E-6C9F69512005}.Debug|x86.ActiveCfg = Debug|Win32
		{0877BF91-3E22-4BE0-A40E-6C9F69512005}.Debug|x86.Build.0 = Debug|Win32
		{0877BF91-3E22-4BE0-A40E-6C9F69512005}.Release|x64.ActiveCfg = Release|x64
		{0877BF91-3E22-4BE0-A40E-6C9F69512005}.Release|x64.Build.0 = Release|x64
		{0877BF91-3E22-4BE0-A40E-6C9F69512005}.Release|x86.ActiveCfg = Release|Win32
		{0877BF91-3E22-4BE0-A40E-6C9F69512005}.Release|x86.Build.0 = Release|Win32
		{5EAC1E26-4676-4043-A465-46C2F3E10FF6}.Debug|x64.ActiveCfg = Debug|x64
		{5EAC1E26-4676-4043-A465-46C2F3E10FF6}.Debug|x64.Build.0 = Debug|x64
		{5EAC1E26-4676-4043-A465-46C2F3E10FF6}.Debug|x86.ActiveCfg = Debug|Win32
		{5EAC1E26-4676-4043-A465-46C2F3E10FF6}.Debug|x86.Build.0 = Debug|Win32
		{5EAC1E26-4676-4043-A465-46C2F3E10FF6}.Release|x64.ActiveCfg = Release|x64
		{5EAC1E26-4676-4043-A465-46C2F3E10FF6}.Release|x64.Build.0 = Release|x64
		{5EAC1E26-4676-4043-A465-46C2F3E10FF6}.Release|x86.ActiveCfg = Release|Win32
		{5EAC1E26-4676-4043-A465-46C2F3E10FF6}.Release|x86.Build.0 = Release|Win32
		{74755F83-CD6D-4C22-B367-F6E9CC857FB0}.Debug|x64.ActiveCfg = Debug|x64
		{74755F83-CD6D-4C22-B367-F6E9CC857FB0}.Debug|x64.Build.0 = Debug|x64
		{74755F83-CD6D-4C22-B367-F6E9CC857FB0}.Debug|x86.ActiveCfg = Debug|Win32
		{74755F83-CD6D-4C22-B367-F6E9CC857FB0}.Debug|x86.Build.0 = Debug|Win32
		{74755F83-CD6D-4C22-B367-F6E9CC857FB0}.Release|x64.ActiveCfg = Release|x64
		{74755F83-CD6D-4C22-B367-F6E9CC857FB0}.Release|x64.Build.0 = Release|x64
		{74755F83-CD6D-4C22-B367-F6E9CC857FB0}.Release|x86.ActiveCfg = Release|Win32
		{74755F83-CD6D-4C22-B367-F6E9CC857FB0}.Release|x86.Build.0 = Release|Win32
		{4168179E-D085-463D-929B-D3CFD018FB05}.Debug|x64.ActiveCfg = Debug|x64
		{4168179E-D085-463D-929B-D3CFD018FB05}.Debug|x64.Build.0 = Debug|x64
		{4168179E-D085-463D-929B-D3CFD018FB05}.Debug|x86.ActiveCfg = Debug|Win32
		{4168179E-D085-463D-929B-D3CFD018FB05}.Debug|x86.Build.0 = Debug|Win32
		{4168179E-D085-463D-929B-D3CFD018FB05}.Release|x64.ActiveCfg = Release|x64
		{4168179E-D085-463D-929B-D3CFD018FB05}.Release|x64.Build.0 = Release|x64
		{4168179E-D085-463D-929B-D3CFD018FB05}.Release|x86.ActiveCfg = Release|Win32
		{4168179E-D085-463D-929B-D3CFD018FB05}.Release|x86.Build.0 = Release|Win32
		{6CBF23A8-683A-4BE1-AE35-6B0A635192FE}.Debug|x64.ActiveCfg = Debug|x64
		{6CBF23A8-683A-4BE1-AE35-6B0A635192FE}.Debug|x64.Build.0 = Debug|x64
		{6CBF23A8-683A-4BE1-AE35-6B0A635192FE}.Debug|x86.ActiveCfg = Debug|Win32
		{6CBF23A8-683A-4BE1-AE35-6B0A635192FE}.Debug|x86.Build.0 = Debug|Win32
		{6CBF23A8-683A-4BE1-AE35-6B0A635192FE}.Release|x64.ActiveCfg = Release|x64
		{6CBF23A8-683A-4BE1-AE35-6B0A635192FE}.Release|x64.Build.0 = Release|x64
		{6CBF23A8-683A-4BE1-AE35-6B0A635192FE}.Release|x86.ActiveCfg = Release|Win32
		{6CBF23A8-683A-4BE1-AE35-6B0A635192FE}.Release|x86.Build.0 = Release|Win32
		{EE877C97-BD12-4DE3-9156-97B6CDE05BBD}.Debug|x64.ActiveCfg = Debug|x64
		{EE877C97-BD12-4DE3-9156-97B6CDE05BBD}.Debug|x64.Build.0 = Debug|x64
		{EE877C97-BD12-4DE3-9156-97B6CDE05BBD}.Debug|x86.ActiveCfg = Debug|Win32
		{EE877C97-BD12-4DE3-9156-97B6CDE05BBD}.Debug|x86.Build.0 = Debug|Win32
		{EE877C97-BD12-4DE3-9156-97B6CDE05BBD}.Release|x64.ActiveCfg = Release|x64
		{EE877C97-BD12-4DE3-9156-97B6CDE05BBD}.Release|x64.Build.0 = Release|x64
		{EE877C97-BD12-4DE3-9156-97B6CDE05BBD}.Release|x86.ActiveCfg = Release|Win32
		{EE877C97-BD12-4DE3-9156-97B6CDE05BBD}.Release|x86.Build.0 = Release|Win32
		{D790855A-586D-4DEB-BDAA-8114994A8079}.Debug|x64.ActiveCfg = Debug|x64
		{D790855A-586D-4DEB-BDAA-8114994A8079}.Debug|x64.Build.0 = Debug|x64
		{D790855A-586D-4DEB-BDAA-8114994A8079}.Debug|x86.ActiveCfg = Debug|Win32
		{D790855A-586D-4DEB-BDAA-8114994A8079}.Debug|x86.Build.0 = Debug|Win32
		{D790855A-586D-4DEB-BDAA-8114994A8079}.Release|x64.ActiveCfg = Release|x64
		{D790855A-586D-4DEB-BDAA-8114994A8079}.Release|x64.Build.0 = Release|x64
		{D790855A-586D-4DEB-BDAA-8114994A8079}.Release|x86.ActiveCfg = Release|Win32
		{D790855A-586D-4DEB-BDAA-8114994A8079}.Release|x86.Build.0 = Release|Win32
	EndGlobalSection
	GlobalSection(SolutionProperties) = preSolution
		HideSolutionNode = FALSE
	EndGlobalSection
	GlobalSection(ExtensibilityGlobals) = postSolution
		SolutionGuid = {B9C800CD-8BF6-468C-BF08-92532C86651D}
	EndGlobalSection
EndGlobal
